
Microsoft Visual Studio Solution File, Format Version 12.00
# Visual Studio 2013
VisualStudioVersion = 12.0.30501.0
MinimumVisualStudioVersion = 10.0.40219.1
Project("{FAE04EC0-301F-11D3-BF4B-00C04F79EFBC}") = "KutsAutomation.Mobile", "KutsAutomation.Mobile\KutsAutomation.Mobile.csproj", "{D50C1544-F9F6-46A2-AE86-F57DBE5B109D}"
EndProject
Project("{FAE04EC0-301F-11D3-BF4B-00C04F79EFBC}") = "KutsAutomation.Load", "KutsAutomation.Load\KutsAutomation.Load.csproj", "{232D591B-16A4-4219-B8F0-D88C3C5E655E}"
EndProject
Project("{FAE04EC0-301F-11D3-BF4B-00C04F79EFBC}") = "KutsAutomation.Rest", "KutsAutomation.Rest\KutsAutomation.Rest.csproj", "{D5167F83-A1B8-4D71-89EB-5F8EF2E65A4A}"
EndProject
Project("{FAE04EC0-301F-11D3-BF4B-00C04F79EFBC}") = "KutsAutomation.Framework", "KutsAutomation.Framework\KutsAutomation.Framework.csproj", "{F43E7FE7-8467-4B7F-BC28-58860F77E37F}"
EndProject
Global
	GlobalSection(SolutionConfigurationPlatforms) = preSolution
		Debug|Any CPU = Debug|Any CPU
		Release|Any CPU = Release|Any CPU
	EndGlobalSection
	GlobalSection(ProjectConfigurationPlatforms) = postSolution
		{D50C1544-F9F6-46A2-AE86-F57DBE5B109D}.Debug|Any CPU.ActiveCfg = Debug|Any CPU
		{D50C1544-F9F6-46A2-AE86-F57DBE5B109D}.Debug|Any CPU.Build.0 = Debug|Any CPU
		{D50C1544-F9F6-46A2-AE86-F57DBE5B109D}.Release|Any CPU.ActiveCfg = Release|Any CPU
		{D50C1544-F9F6-46A2-AE86-F57DBE5B109D}.Release|Any CPU.Build.0 = Release|Any CPU
		{232D591B-16A4-4219-B8F0-D88C3C5E655E}.Debug|Any CPU.ActiveCfg = Debug|Any CPU
		{232D591B-16A4-4219-B8F0-D88C3C5E655E}.Debug|Any CPU.Build.0 = Debug|Any CPU
		{232D591B-16A4-4219-B8F0-D88C3C5E655E}.Release|Any CPU.ActiveCfg = Release|Any CPU
		{232D591B-16A4-4219-B8F0-D88C3C5E655E}.Release|Any CPU.Build.0 = Release|Any CPU
		{D5167F83-A1B8-4D71-89EB-5F8EF2E65A4A}.Debug|Any CPU.ActiveCfg = Debug|Any CPU
		{D5167F83-A1B8-4D71-89EB-5F8EF2E65A4A}.Debug|Any CPU.Build.0 = Debug|Any CPU
		{D5167F83-A1B8-4D71-89EB-5F8EF2E65A4A}.Release|Any CPU.ActiveCfg = Release|Any CPU
		{D5167F83-A1B8-4D71-89EB-5F8EF2E65A4A}.Release|Any CPU.Build.0 = Release|Any CPU
		{F43E7FE7-8467-4B7F-BC28-58860F77E37F}.Debug|Any CPU.ActiveCfg = Debug|Any CPU
		{F43E7FE7-8467-4B7F-BC28-58860F77E37F}.Debug|Any CPU.Build.0 = Debug|Any CPU
		{F43E7FE7-8467-4B7F-BC28-58860F77E37F}.Release|Any CPU.ActiveCfg = Release|Any CPU
		{F43E7FE7-8467-4B7F-BC28-58860F77E37F}.Release|Any CPU.Build.0 = Release|Any CPU
	EndGlobalSection
	GlobalSection(SolutionProperties) = preSolution
		HideSolutionNode = FALSE
	EndGlobalSection
EndGlobal
